
Microsoft Visual Studio Solution File, Format Version 12.00
# Visual Studio 15
VisualStudioVersion = 15.0.27428.2043
MinimumVisualStudioVersion = 10.0.40219.1
Project("{FAE04EC0-301F-11D3-BF4B-00C04F79EFBC}") = "Tommy report", "WebApplication4\Tommy report.csproj", "{E0BB016D-2E43-4CEE-A573-FAED20983E3B}"
EndProject
Global
	GlobalSection(SolutionConfigurationPlatforms) = preSolution
		Debug|Any CPU = Debug|Any CPU
		Release|Any CPU = Release|Any CPU
	EndGlobalSection
	GlobalSection(ProjectConfigurationPlatforms) = postSolution
		{E0BB016D-2E43-4CEE-A573-FAED20983E3B}.Debug|Any CPU.ActiveCfg = Debug|Any CPU
		{E0BB016D-2E43-4CEE-A573-FAED20983E3B}.Debug|Any CPU.Build.0 = Debug|Any CPU
		{E0BB016D-2E43-4CEE-A573-FAED20983E3B}.Release|Any CPU.ActiveCfg = Release|Any CPU
		{E0BB016D-2E43-4CEE-A573-FAED20983E3B}.Release|Any CPU.Build.0 = Release|Any CPU
	EndGlobalSection
	GlobalSection(SolutionProperties) = preSolution
		HideSolutionNode = FALSE
	EndGlobalSection
	GlobalSection(ExtensibilityGlobals) = postSolution
		SolutionGuid = {82BABAFC-DD4B-41B6-8994-A44198F15880}
	EndGlobalSection
EndGlobal
